
Microsoft Visual Studio Solution File, Format Version 12.00
Project("{FAE04EC0-301F-11D3-BF4B-00C04F79EFBC}") = "UnitTests", "UnitTests\UnitTests.csproj", "{0E5D6716-5F0E-4568-BEEF-5A5F2DC884AB}"
EndProject
Project("{FAE04EC0-301F-11D3-BF4B-00C04F79EFBC}") = "TetraCore", "TetraCore\TetraCore.csproj", "{990F2B56-1EE0-485B-A632-D6FB487365AE}"
EndProject
Project("{FAE04EC0-301F-11D3-BF4B-00C04F79EFBC}") = "DTC.Core", "DTC.Core\DTC.Core\DTC.Core.csproj", "{C8BD8786-35D1-4579-A8D2-67F78C5931F3}"
EndProject
Project("{FAE04EC0-301F-11D3-BF4B-00C04F79EFBC}") = "TetraShade", "TetraShade\TetraShade.csproj", "{8FF6BBE7-CAD4-4F86-8CDB-2964210DBF25}"
EndProject
Project("{FAE04EC0-301F-11D3-BF4B-00C04F79EFBC}") = "DTC.GLSLLexer", "DTC.GLSLLexer\DTC.GLSLLexer.csproj", "{520BA4C9-1C51-4BE4-BF99-9E498D9B6B54}"
EndProject
Project("{FAE04EC0-301F-11D3-BF4B-00C04F79EFBC}") = "DTC.GLSLParser", "DTC.GLSLParser\DTC.GLSLParser.csproj", "{1983F1D0-0E06-4874-8C6F-9F9E48B60276}"
EndProject
Global
	GlobalSection(SolutionConfigurationPlatforms) = preSolution
		Debug|Any CPU = Debug|Any CPU
		Release|Any CPU = Release|Any CPU
	EndGlobalSection
	GlobalSection(ProjectConfigurationPlatforms) = postSolution
		{0E5D6716-5F0E-4568-BEEF-5A5F2DC884AB}.Debug|Any CPU.ActiveCfg = Debug|Any CPU
		{0E5D6716-5F0E-4568-BEEF-5A5F2DC884AB}.Debug|Any CPU.Build.0 = Debug|Any CPU
		{0E5D6716-5F0E-4568-BEEF-5A5F2DC884AB}.Release|Any CPU.ActiveCfg = Release|Any CPU
		{0E5D6716-5F0E-4568-BEEF-5A5F2DC884AB}.Release|Any CPU.Build.0 = Release|Any CPU
		{990F2B56-1EE0-485B-A632-D6FB487365AE}.Debug|Any CPU.ActiveCfg = Debug|Any CPU
		{990F2B56-1EE0-485B-A632-D6FB487365AE}.Debug|Any CPU.Build.0 = Debug|Any CPU
		{990F2B56-1EE0-485B-A632-D6FB487365AE}.Release|Any CPU.ActiveCfg = Release|Any CPU
		{990F2B56-1EE0-485B-A632-D6FB487365AE}.Release|Any CPU.Build.0 = Release|Any CPU
		{C8BD8786-35D1-4579-A8D2-67F78C5931F3}.Debug|Any CPU.ActiveCfg = Debug|Any CPU
		{C8BD8786-35D1-4579-A8D2-67F78C5931F3}.Debug|Any CPU.Build.0 = Debug|Any CPU
		{C8BD8786-35D1-4579-A8D2-67F78C5931F3}.Release|Any CPU.ActiveCfg = Release|Any CPU
		{C8BD8786-35D1-4579-A8D2-67F78C5931F3}.Release|Any CPU.Build.0 = Release|Any CPU
		{8FF6BBE7-CAD4-4F86-8CDB-2964210DBF25}.Debug|Any CPU.ActiveCfg = Debug|Any CPU
		{8FF6BBE7-CAD4-4F86-8CDB-2964210DBF25}.Debug|Any CPU.Build.0 = Debug|Any CPU
		{8FF6BBE7-CAD4-4F86-8CDB-2964210DBF25}.Release|Any CPU.ActiveCfg = Release|Any CPU
		{8FF6BBE7-CAD4-4F86-8CDB-2964210DBF25}.Release|Any CPU.Build.0 = Release|Any CPU
		{520BA4C9-1C51-4BE4-BF99-9E498D9B6B54}.Debug|Any CPU.ActiveCfg = Debug|Any CPU
		{520BA4C9-1C51-4BE4-BF99-9E498D9B6B54}.Debug|Any CPU.Build.0 = Debug|Any CPU
		{520BA4C9-1C51-4BE4-BF99-9E498D9B6B54}.Release|Any CPU.ActiveCfg = Release|Any CPU
		{520BA4C9-1C51-4BE4-BF99-9E498D9B6B54}.Release|Any CPU.Build.0 = Release|Any CPU
		{1983F1D0-0E06-4874-8C6F-9F9E48B60276}.Debug|Any CPU.ActiveCfg = Debug|Any CPU
		{1983F1D0-0E06-4874-8C6F-9F9E48B60276}.Debug|Any CPU.Build.0 = Debug|Any CPU
		{1983F1D0-0E06-4874-8C6F-9F9E48B60276}.Release|Any CPU.ActiveCfg = Release|Any CPU
		{1983F1D0-0E06-4874-8C6F-9F9E48B60276}.Release|Any CPU.Build.0 = Release|Any CPU
	EndGlobalSection
EndGlobal
